# This file is autogenerated, do not edit; changes may be undone by the next 'dep ensure'.


[[projects]]
  name = "github.com/BurntSushi/toml"
  packages = ["."]
  revision = "bbd5bb678321a0d6e58f1099321dfa73391c1b6f"
  version = "v0.2.0"

[[projects]]
  branch = "master"
  name = "github.com/codegangsta/inject"
  packages = ["."]
  revision = "33e0aa1cb7c019ccc3fbe049a8262a6403d30504"

[[projects]]
  name = "github.com/codeskyblue/go-sh"
  packages = ["."]
  revision = "ceb46ec4630a726eeed51d0a70066c9e1102c48f"

[[projects]]
  name = "github.com/docker/go-units"
  packages = ["."]
  revision = "8a7beacffa3009a9ac66bad506b18ffdd110cf97"

[[projects]]
  name = "github.com/fatih/color"
  packages = ["."]
  revision = "dea9d3a26a087187530244679c1cfb3a42937794"
  version = "v1.1.0"

[[projects]]
  name = "github.com/hashicorp/go-version"
  packages = ["."]
  revision = "e96d3840402619007766590ecea8dd7af1292276"

[[projects]]
  name = "github.com/mattn/go-colorable"
  packages = ["."]
  revision = "d228849504861217f796da67fae4f6e347643f15"
  version = "v0.0.7"

[[projects]]
  name = "github.com/mattn/go-isatty"
  packages = ["."]
  revision = "66b8e73f3f5cda9f96b69efd03dd3d7fc4a5cdb8"

[[projects]]
  name = "github.com/mitchellh/go-homedir"
  packages = ["."]
  revision = "756f7b183b7ab78acdbbee5c7f392838ed459dda"

[[projects]]
  branch = "master"
  name = "github.com/samalba/dockerclient"
  packages = ["."]
  revision = "a3036261847103270e9f732509f43b5f98710ace"

[[projects]]
  name = "github.com/urfave/cli"
  packages = ["."]
  revision = "a14d7d367bc02b1f57d88de97926727f2d936387"
  version = "v1.18.1"

[[projects]]
  name = "golang.org/x/sys"
  packages = ["unix"]
  revision = "b699b7032584f0953262cb2788a0ca19bb494703"

[solve-meta]
  analyzer-name = "dep"
  analyzer-version = 1
  inputs-digest = "0a193a06f274d19f90b5c12c7cbc074e5c608e446eb6020ea587af50196a7ec3"
  solver-name = "gps-cdcl"
  solver-version = 1
